
Microsoft Visual Studio Solution File, Format Version 12.00
# Visual Studio 15
Project("{FAE04EC0-301F-11D3-BF4B-00C04F79EFBC}") = "Unity.XR.Interaction.Toolkit.Samples.StarterAssets", "Unity.XR.Interaction.Toolkit.Samples.StarterAssets.csproj", "{67042994-A6B2-7BF8-320B-5345F1C6C32E}"
EndProject
Project("{FAE04EC0-301F-11D3-BF4B-00C04F79EFBC}") = "Unity.XR.Interaction.Toolkit.Samples.Hands", "Unity.XR.Interaction.Toolkit.Samples.Hands.csproj", "{4DDF74DC-F68D-34B6-0482-1B21D94E9B3E}"
EndProject
Project("{FAE04EC0-301F-11D3-BF4B-00C04F79EFBC}") = "Assembly-CSharp", "Assembly-CSharp.csproj", "{B19C7FFE-9D04-6D6A-CF81-6D73A252BCBC}"
EndProject
Project("{FAE04EC0-301F-11D3-BF4B-00C04F79EFBC}") = "Unity.XR.Interaction.Toolkit.Samples.ARStarterAssets", "Unity.XR.Interaction.Toolkit.Samples.ARStarterAssets.csproj", "{674BEF96-3732-5F8B-FD97-61E7D07A2F7E}"
EndProject
Project("{FAE04EC0-301F-11D3-BF4B-00C04F79EFBC}") = "Unity.XR.Hands.Samples.VisualizerSample", "Unity.XR.Hands.Samples.VisualizerSample.csproj", "{9C7803AA-BF7A-9F7D-1983-D4EB419E476C}"
EndProject
Project("{FAE04EC0-301F-11D3-BF4B-00C04F79EFBC}") = "Unity.XR.Interaction.Toolkit.Samples.ARStarterAssets.Editor", "Unity.XR.Interaction.Toolkit.Samples.ARStarterAssets.Editor.csproj", "{276D3A35-8CAE-02D3-0F34-88D82999CB48}"
EndProject
Project("{FAE04EC0-301F-11D3-BF4B-00C04F79EFBC}") = "Unity.XR.Interaction.Toolkit.Samples.Hands.Editor", "Unity.XR.Interaction.Toolkit.Samples.Hands.Editor.csproj", "{24CB4F38-04A1-271B-6D1B-6EE0A282C85D}"
EndProject
Project("{FAE04EC0-301F-11D3-BF4B-00C04F79EFBC}") = "Unity.XR.Interaction.Toolkit.Samples.StarterAssets.Editor", "Unity.XR.Interaction.Toolkit.Samples.StarterAssets.Editor.csproj", "{F672921E-DF16-4726-32AB-5068C2CA48E6}"
EndProject
Global
	GlobalSection(SolutionConfigurationPlatforms) = preSolution
		Debug|Any CPU = Debug|Any CPU
		Release|Any CPU = Release|Any CPU
	EndGlobalSection
	GlobalSection(ProjectConfigurationPlatforms) = postSolution
		{67042994-A6B2-7BF8-320B-5345F1C6C32E}.Debug|Any CPU.ActiveCfg = Debug|Any CPU
		{67042994-A6B2-7BF8-320B-5345F1C6C32E}.Debug|Any CPU.Build.0 = Debug|Any CPU
		{67042994-A6B2-7BF8-320B-5345F1C6C32E}.Release|Any CPU.ActiveCfg = Release|Any CPU
		{67042994-A6B2-7BF8-320B-5345F1C6C32E}.Release|Any CPU.Build.0 = Release|Any CPU
		{4DDF74DC-F68D-34B6-0482-1B21D94E9B3E}.Debug|Any CPU.ActiveCfg = Debug|Any CPU
		{4DDF74DC-F68D-34B6-0482-1B21D94E9B3E}.Debug|Any CPU.Build.0 = Debug|Any CPU
		{4DDF74DC-F68D-34B6-0482-1B21D94E9B3E}.Release|Any CPU.ActiveCfg = Release|Any CPU
		{4DDF74DC-F68D-34B6-0482-1B21D94E9B3E}.Release|Any CPU.Build.0 = Release|Any CPU
		{B19C7FFE-9D04-6D6A-CF81-6D73A252BCBC}.Debug|Any CPU.ActiveCfg = Debug|Any CPU
		{B19C7FFE-9D04-6D6A-CF81-6D73A252BCBC}.Debug|Any CPU.Build.0 = Debug|Any CPU
		{B19C7FFE-9D04-6D6A-CF81-6D73A252BCBC}.Release|Any CPU.ActiveCfg = Release|Any CPU
		{B19C7FFE-9D04-6D6A-CF81-6D73A252BCBC}.Release|Any CPU.Build.0 = Release|Any CPU
		{674BEF96-3732-5F8B-FD97-61E7D07A2F7E}.Debug|Any CPU.ActiveCfg = Debug|Any CPU
		{674BEF96-3732-5F8B-FD97-61E7D07A2F7E}.Debug|Any CPU.Build.0 = Debug|Any CPU
		{674BEF96-3732-5F8B-FD97-61E7D07A2F7E}.Release|Any CPU.ActiveCfg = Release|Any CPU
		{674BEF96-3732-5F8B-FD97-61E7D07A2F7E}.Release|Any CPU.Build.0 = Release|Any CPU
		{9C7803AA-BF7A-9F7D-1983-D4EB419E476C}.Debug|Any CPU.ActiveCfg = Debug|Any CPU
		{9C7803AA-BF7A-9F7D-1983-D4EB419E476C}.Debug|Any CPU.Build.0 = Debug|Any CPU
		{9C7803AA-BF7A-9F7D-1983-D4EB419E476C}.Release|Any CPU.ActiveCfg = Release|Any CPU
		{9C7803AA-BF7A-9F7D-1983-D4EB419E476C}.Release|Any CPU.Build.0 = Release|Any CPU
		{276D3A35-8CAE-02D3-0F34-88D82999CB48}.Debug|Any CPU.ActiveCfg = Debug|Any CPU
		{276D3A35-8CAE-02D3-0F34-88D82999CB48}.Debug|Any CPU.Build.0 = Debug|Any CPU
		{276D3A35-8CAE-02D3-0F34-88D82999CB48}.Release|Any CPU.ActiveCfg = Release|Any CPU
		{276D3A35-8CAE-02D3-0F34-88D82999CB48}.Release|Any CPU.Build.0 = Release|Any CPU
		{24CB4F38-04A1-271B-6D1B-6EE0A282C85D}.Debug|Any CPU.ActiveCfg = Debug|Any CPU
		{24CB4F38-04A1-271B-6D1B-6EE0A282C85D}.Debug|Any CPU.Build.0 = Debug|Any CPU
		{24CB4F38-04A1-271B-6D1B-6EE0A282C85D}.Release|Any CPU.ActiveCfg = Release|Any CPU
		{24CB4F38-04A1-271B-6D1B-6EE0A282C85D}.Release|Any CPU.Build.0 = Release|Any CPU
		{F672921E-DF16-4726-32AB-5068C2CA48E6}.Debug|Any CPU.ActiveCfg = Debug|Any CPU
		{F672921E-DF16-4726-32AB-5068C2CA48E6}.Debug|Any CPU.Build.0 = Debug|Any CPU
		{F672921E-DF16-4726-32AB-5068C2CA48E6}.Release|Any CPU.ActiveCfg = Release|Any CPU
		{F672921E-DF16-4726-32AB-5068C2CA48E6}.Release|Any CPU.Build.0 = Release|Any CPU
	EndGlobalSection
	GlobalSection(SolutionProperties) = preSolution
		HideSolutionNode = FALSE
	EndGlobalSection
EndGlobal
